
Microsoft Visual Studio Solution File, Format Version 12.00
# Visual Studio 15
VisualStudioVersion = 15.0.26730.16
MinimumVisualStudioVersion = 10.0.40219.1
Project("{2150E333-8FDC-42A3-9474-1A3956D46DE8}") = "src", "src", "{9E5B98FD-00A1-44B8-8343-51B0710A5D31}"
EndProject
Project("{FAE04EC0-301F-11D3-BF4B-00C04F79EFBC}") = "AutoRespect.WebApp", "src\AutoRespect.WebApp\AutoRespect.WebApp.csproj", "{078ABA75-5DB1-4538-AA89-6AC0E976D480}"
EndProject
Global
	GlobalSection(SolutionConfigurationPlatforms) = preSolution
		Debug|Any CPU = Debug|Any CPU
		Release|Any CPU = Release|Any CPU
	EndGlobalSection
	GlobalSection(ProjectConfigurationPlatforms) = postSolution
		{078ABA75-5DB1-4538-AA89-6AC0E976D480}.Debug|Any CPU.ActiveCfg = Debug|Any CPU
		{078ABA75-5DB1-4538-AA89-6AC0E976D480}.Debug|Any CPU.Build.0 = Debug|Any CPU
		{078ABA75-5DB1-4538-AA89-6AC0E976D480}.Release|Any CPU.ActiveCfg = Release|Any CPU
		{078ABA75-5DB1-4538-AA89-6AC0E976D480}.Release|Any CPU.Build.0 = Release|Any CPU
	EndGlobalSection
	GlobalSection(SolutionProperties) = preSolution
		HideSolutionNode = FALSE
	EndGlobalSection
	GlobalSection(NestedProjects) = preSolution
		{078ABA75-5DB1-4538-AA89-6AC0E976D480} = {9E5B98FD-00A1-44B8-8343-51B0710A5D31}
	EndGlobalSection
	GlobalSection(ExtensibilityGlobals) = postSolution
		SolutionGuid = {E314CCA5-73B4-43DE-A2B9-727F357C515B}
	EndGlobalSection
EndGlobal
